
Microsoft Visual Studio Solution File, Format Version 12.00
# Visual Studio Version 16
VisualStudioVersion = 16.0.33801.447
MinimumVisualStudioVersion = 10.0.40219.1
Project("{8BC9CEB8-8B4A-11D0-8D11-00A0C91BC942}") = "Employee_and_Production_Worker.cpp", "Employee_and_Production_Worker.cpp\Employee_and_Production_Worker.cpp.vcxproj", "{F1DAF8F5-AB9C-4BFE-9E70-0AE3486AFEAE}"
EndProject
Global
	GlobalSection(SolutionConfigurationPlatforms) = preSolution
		Debug|x64 = Debug|x64
		Debug|x86 = Debug|x86
		Release|x64 = Release|x64
		Release|x86 = Release|x86
	EndGlobalSection
	GlobalSection(ProjectConfigurationPlatforms) = postSolution
		{F1DAF8F5-AB9C-4BFE-9E70-0AE3486AFEAE}.Debug|x64.ActiveCfg = Debug|x64
		{F1DAF8F5-AB9C-4BFE-9E70-0AE3486AFEAE}.Debug|x64.Build.0 = Debug|x64
		{F1DAF8F5-AB9C-4BFE-9E70-0AE3486AFEAE}.Debug|x86.ActiveCfg = Debug|Win32
		{F1DAF8F5-AB9C-4BFE-9E70-0AE3486AFEAE}.Debug|x86.Build.0 = Debug|Win32
		{F1DAF8F5-AB9C-4BFE-9E70-0AE3486AFEAE}.Release|x64.ActiveCfg = Release|x64
		{F1DAF8F5-AB9C-4BFE-9E70-0AE3486AFEAE}.Release|x64.Build.0 = Release|x64
		{F1DAF8F5-AB9C-4BFE-9E70-0AE3486AFEAE}.Release|x86.ActiveCfg = Release|Win32
		{F1DAF8F5-AB9C-4BFE-9E70-0AE3486AFEAE}.Release|x86.Build.0 = Release|Win32
	EndGlobalSection
	GlobalSection(SolutionProperties) = preSolution
		HideSolutionNode = FALSE
	EndGlobalSection
	GlobalSection(ExtensibilityGlobals) = postSolution
		SolutionGuid = {823AAC8E-AE9A-4E74-841C-FE25BB009AB8}
	EndGlobalSection
EndGlobal
